// !$*UTF8*$!
{
	archiveVersion = 1;
	classes = {
	};
	objectVersion = 46;
	objects = {

/* Begin PBXBuildFile section */
		D5170DFD1E81A0E000213645 /* AppDelegate.swift in Sources */ = {isa = PBXBuildFile; fileRef = D5170DFC1E81A0E000213645 /* AppDelegate.swift */; };
		D5170E021E81A0E000213645 /* Main.storyboard in Resources */ = {isa = PBXBuildFile; fileRef = D5170E001E81A0E000213645 /* Main.storyboard */; };
		D5170E051E81A0E000213645 /* ToDoList.xcdatamodeld in Sources */ = {isa = PBXBuildFile; fileRef = D5170E031E81A0E000213645 /* ToDoList.xcdatamodeld */; };
		D5170E071E81A0E000213645 /* Assets.xcassets in Resources */ = {isa = PBXBuildFile; fileRef = D5170E061E81A0E000213645 /* Assets.xcassets */; };
		D5170E0A1E81A0E000213645 /* LaunchScreen.storyboard in Resources */ = {isa = PBXBuildFile; fileRef = D5170E081E81A0E000213645 /* LaunchScreen.storyboard */; };
		D5170E121E81A5BA00213645 /* CustomCellViewController.swift in Sources */ = {isa = PBXBuildFile; fileRef = D5170E111E81A5BA00213645 /* CustomCellViewController.swift */; };
		D5170E141E81A76700213645 /* CustomCell.swift in Sources */ = {isa = PBXBuildFile; fileRef = D5170E131E81A76700213645 /* CustomCell.swift */; };
		D5170E161E81C58F00213645 /* addButtonDelegate.swift in Sources */ = {isa = PBXBuildFile; fileRef = D5170E151E81C58F00213645 /* addButtonDelegate.swift */; };
		D5170E181E81C66600213645 /* addItemViewController.swift in Sources */ = {isa = PBXBuildFile; fileRef = D5170E171E81C66600213645 /* addItemViewController.swift */; };
/* End PBXBuildFile section */

/* Begin PBXFileReference section */
		D5170DF91E81A0E000213645 /* ToDoList.app */ = {isa = PBXFileReference; explicitFileType = wrapper.application; includeInIndex = 0; path = ToDoList.app; sourceTree = BUILT_PRODUCTS_DIR; };
		D5170DFC1E81A0E000213645 /* AppDelegate.swift */ = {isa = PBXFileReference; lastKnownFileType = sourcecode.swift; path = AppDelegate.swift; sourceTree = "<group>"; };
		D5170E011E81A0E000213645 /* Base */ = {isa = PBXFileReference; lastKnownFileType = file.storyboard; name = Base; path = Base.lproj/Main.storyboard; sourceTree = "<group>"; };
		D5170E041E81A0E000213645 /* ToDoList.xcdatamodel */ = {isa = PBXFileReference; lastKnownFileType = wrapper.xcdatamodel; path = ToDoList.xcdatamodel; sourceTree = "<group>"; };
		D5170E061E81A0E000213645 /* Assets.xcassets */ = {isa = PBXFileReference; lastKnownFileType = folder.assetcatalog; path = Assets.xcassets; sourceTree = "<group>"; };
		D5170E091E81A0E000213645 /* Base */ = {isa = PBXFileReference; lastKnownFileType = file.storyboard; name = Base; path = Base.lproj/LaunchScreen.storyboard; sourceTree = "<group>"; };
		D5170E0B1E81A0E000213645 /* Info.plist */ = {isa = PBXFileReference; lastKnownFileType = text.plist.xml; path = Info.plist; sourceTree = "<group>"; };
		D5170E111E81A5BA00213645 /* CustomCellViewController.swift */ = {isa = PBXFileReference; fileEncoding = 4; lastKnownFileType = sourcecode.swift; path = CustomCellViewController.swift; sourceTree = "<group>"; };
		D5170E131E81A76700213645 /* CustomCell.swift */ = {isa = PBXFileReference; fileEncoding = 4; lastKnownFileType = sourcecode.swift; path = CustomCell.swift; sourceTree = "<group>"; };
		D5170E151E81C58F00213645 /* addButtonDelegate.swift */ = {isa = PBXFileReference; fileEncoding = 4; lastKnownFileType = sourcecode.swift; path = addButtonDelegate.swift; sourceTree = "<group>"; };
		D5170E171E81C66600213645 /* addItemViewController.swift */ = {isa = PBXFileReference; fileEncoding = 4; lastKnownFileType = sourcecode.swift; name = addItemViewController.swift; path = ../addItemViewController.swift; sourceTree = "<group>"; };
/* End PBXFileReference section */

/* Begin PBXFrameworksBuildPhase section */
		D5170DF61E81A0E000213645 /* Frameworks */ = {
			isa = PBXFrameworksBuildPhase;
			buildActionMask = 2147483647;
			files = (
			);
			runOnlyForDeploymentPostprocessing = 0;
		};
/* End PBXFrameworksBuildPhase section */

/* Begin PBXGroup section */
		D5170DF01E81A0E000213645 = {
			isa = PBXGroup;
			children = (
				D5170DFB1E81A0E000213645 /* ToDoList */,
				D5170DFA1E81A0E000213645 /* Products */,
			);
			sourceTree = "<group>";
		};
		D5170DFA1E81A0E000213645 /* Products */ = {
			isa = PBXGroup;
			children = (
				D5170DF91E81A0E000213645 /* ToDoList.app */,
			);
			name = Products;
			sourceTree = "<group>";
		};
		D5170DFB1E81A0E000213645 /* ToDoList */ = {
			isa = PBXGroup;
			children = (
				D5170DFC1E81A0E000213645 /* AppDelegate.swift */,
				D5170E001E81A0E000213645 /* Main.storyboard */,
				D5170E131E81A76700213645 /* CustomCell.swift */,
				D5170E171E81C66600213645 /* addItemViewController.swift */,
				D5170E111E81A5BA00213645 /* CustomCellViewController.swift */,
				D5170E151E81C58F00213645 /* addButtonDelegate.swift */,
				D5170E061E81A0E000213645 /* Assets.xcassets */,
				D5170E081E81A0E000213645 /* LaunchScreen.storyboard */,
				D5170E0B1E81A0E000213645 /* Info.plist */,
				D5170E031E81A0E000213645 /* ToDoList.xcdatamodeld */,
			);
			path = ToDoList;
			sourceTree = "<group>";
		};
/* End PBXGroup section */

/* Begin PBXNativeTarget section */
		D5170DF81E81A0E000213645 /* ToDoList */ = {
			isa = PBXNativeTarget;
			buildConfigurationList = D5170E0E1E81A0E000213645 /* Build configuration list for PBXNativeTarget "ToDoList" */;
			buildPhases = (
				D5170DF51E81A0E000213645 /* Sources */,
				D5170DF61E81A0E000213645 /* Frameworks */,
				D5170DF71E81A0E000213645 /* Resources */,
			);
			buildRules = (
			);
			dependencies = (
			);
			name = ToDoList;
			productName = ToDoList;
			productReference = D5170DF91E81A0E000213645 /* ToDoList.app */;
			productType = "com.apple.product-type.application";
		};
/* End PBXNativeTarget section */

/* Begin PBXProject section */
		D5170DF11E81A0E000213645 /* Project object */ = {
			isa = PBXProject;
			attributes = {
				LastSwiftUpdateCheck = 0820;
				LastUpgradeCheck = 0820;
				ORGANIZATIONNAME = "Jackie Thind";
				TargetAttributes = {
					D5170DF81E81A0E000213645 = {
						CreatedOnToolsVersion = 8.2.1;
						DevelopmentTeam = H3Q68UB677;
						ProvisioningStyle = Automatic;
					};
				};
			};
			buildConfigurationList = D5170DF41E81A0E000213645 /* Build configuration list for PBXProject "ToDoList" */;
			compatibilityVersion = "Xcode 3.2";
			developmentRegion = English;
			hasScannedForEncodings = 0;
			knownRegions = (
				en,
				Base,
			);
			mainGroup = D5170DF01E81A0E000213645;
			productRefGroup = D5170DFA1E81A0E000213645 /* Products */;
			projectDirPath = "";
			projectRoot = "";
			targets = (
				D5170DF81E81A0E000213645 /* ToDoList */,
			);
		};
/* End PBXProject section */

/* Begin PBXResourcesBuildPhase section */
		D5170DF71E81A0E000213645 /* Resources */ = {
			isa = PBXResourcesBuildPhase;
			buildActionMask = 2147483647;
			files = (
				D5170E0A1E81A0E000213645 /* LaunchScreen.storyboard in Resources */,
				D5170E071E81A0E000213645 /* Assets.xcassets in Resources */,
				D5170E021E81A0E000213645 /* Main.storyboard in Resources */,
			);
			runOnlyForDeploymentPostprocessing = 0;
		};
/* End PBXResourcesBuildPhase section */

/* Begin PBXSourcesBuildPhase section */
		D5170DF51E81A0E000213645 /* Sources */ = {
			isa = PBXSourcesBuildPhase;
			buildActionMask = 2147483647;
			files = (
				D5170E161E81C58F00213645 /* addButtonDelegate.swift in Sources */,
				D5170E181E81C66600213645 /* addItemViewController.swift in Sources */,
				D5170E051E81A0E000213645 /* ToDoList.xcdatamodeld in Sources */,
				D5170E141E81A76700213645 /* CustomCell.swift in Sources */,
				D5170DFD1E81A0E000213645 /* AppDelegate.swift in Sources */,
				D5170E121E81A5BA00213645 /* CustomCellViewController.swift in Sources */,
			);
			runOnlyForDeploymentPostprocessing = 0;
		};
/* End PBXSourcesBuildPhase section */

/* Begin PBXVariantGroup section */
		D5170E001E81A0E000213645 /* Main.storyboard */ = {
			isa = PBXVariantGroup;
			children = (
				D5170E011E81A0E000213645 /* Base */,
			);
			name = Main.storyboard;
			sourceTree = "<group>";
		};
		D5170E081E81A0E000213645 /* LaunchScreen.storyboard */ = {
			isa = PBXVariantGroup;
			children = (
				D5170E091E81A0E000213645 /* Base */,
			);
			name = LaunchScreen.storyboard;
			sourceTree = "<group>";
		};
/* End PBXVariantGroup section */

/* Begin XCBuildConfiguration section */
		D5170E0C1E81A0E000213645 /* Debug */ = {
			isa = XCBuildConfiguration;
			buildSettings = {
				ALWAYS_SEARCH_USER_PATHS = NO;
				CLANG_ANALYZER_NONNULL = YES;
				CLANG_CXX_LANGUAGE_STANDARD = "gnu++0x";
				CLANG_CXX_LIBRARY = "libc++";
				CLANG_ENABLE_MODULES = YES;
				CLANG_ENABLE_OBJC_ARC = YES;
				CLANG_WARN_BOOL_CONVERSION = YES;
				CLANG_WARN_CONSTANT_CONVERSION = YES;
				CLANG_WARN_DIRECT_OBJC_ISA_USAGE = YES_ERROR;
				CLANG_WARN_DOCUMENTATION_COMMENTS = YES;
				CLANG_WARN_EMPTY_BODY = YES;
				CLANG_WARN_ENUM_CONVERSION = YES;
				CLANG_WARN_INFINITE_RECURSION = YES;
				CLANG_WARN_INT_CONVERSION = YES;
				CLANG_WARN_OBJC_ROOT_CLASS = YES_ERROR;
				CLANG_WARN_SUSPICIOUS_MOVE = YES;
				CLANG_WARN_UNREACHABLE_CODE = YES;
				CLANG_WARN__DUPLICATE_METHOD_MATCH = YES;
				"CODE_SIGN_IDENTITY[sdk=iphoneos*]" = "iPhone Developer";
				COPY_PHASE_STRIP = NO;
				DEBUG_INFORMATION_FORMAT = dwarf;
				ENABLE_STRICT_OBJC_MSGSEND = YES;
				ENABLE_TESTABILITY = YES;
				GCC_C_LANGUAGE_STANDARD = gnu99;
				GCC_DYNAMIC_NO_PIC = NO;
				GCC_NO_COMMON_BLOCKS = YES;
				GCC_OPTIMIZATION_LEVEL = 0;
				GCC_PREPROCESSOR_DEFINITIONS = (
					"DEBUG=1",
					"$(inherited)",
				);
				GCC_WARN_64_TO_32_BIT_CONVERSION = YES;
				GCC_WARN_ABOUT_RETURN_TYPE = YES_ERROR;
				GCC_WARN_UNDECLARED_SELECTOR = YES;
				GCC_WARN_UNINITIALIZED_AUTOS = YES_AGGRESSIVE;
				GCC_WARN_UNUSED_FUNCTION = YES;
				GCC_WARN_UNUSED_VARIABLE = YES;
				IPHONEOS_DEPLOYMENT_TARGET = 10.2;
				MTL_ENABLE_DEBUG_INFO = YES;
				ONLY_ACTIVE_ARCH = YES;
				SDKROOT = iphoneos;
				SWIFT_ACTIVE_COMPILATION_CONDITIONS = DEBUG;
				SWIFT_OPTIMIZATION_LEVEL = "-Onone";
				TARGETED_DEVICE_FAMILY = "1,2";
			};
			name = Debug;
		};
		D5170E0D1E81A0E000213645 /* Release */ = {
			isa = XCBuildConfiguration;
			buildSettings = {
				ALWAYS_SEARCH_USER_PATHS = NO;
				CLANG_ANALYZER_NONNULL = YES;
				CLANG_CXX_LANGUAGE_STANDARD = "gnu++0x";
				CLANG_CXX_LIBRARY = "libc++";
				CLANG_ENABLE_MODULES = YES;
				CLANG_ENABLE_OBJC_ARC = YES;
				CLANG_WARN_BOOL_CONVERSION = YES;
				CLANG_WARN_CONSTANT_CONVERSION = YES;
				CLANG_WARN_DIRECT_OBJC_ISA_USAGE = YES_ERROR;
				CLANG_WARN_DOCUMENTATION_COMMENTS = YES;
				CLANG_WARN_EMPTY_BODY = YES;
				CLANG_WARN_ENUM_CONVERSION = YES;
				CLANG_WARN_INFINITE_RECURSION = YES;
				CLANG_WARN_INT_CONVERSION = YES;
				CLANG_WARN_OBJC_ROOT_CLASS = YES_ERROR;
				CLANG_WARN_SUSPICIOUS_MOVE = YES;
				CLANG_WARN_UNREACHABLE_CODE = YES;
				CLANG_WARN__DUPLICATE_METHOD_MATCH = YES;
				"CODE_SIGN_IDENTITY[sdk=iphoneos*]" = "iPhone Developer";
				COPY_PHASE_STRIP = NO;
				DEBUG_INFORMATION_FORMAT = "dwarf-with-dsym";
				ENABLE_NS_ASSERTIONS = NO;
				ENABLE_STRICT_OBJC_MSGSEND = YES;
				GCC_C_LANGUAGE_STANDARD = gnu99;
				GCC_NO_COMMON_BLOCKS = YES;
				GCC_WARN_64_TO_32_BIT_CONVERSION = YES;
				GCC_WARN_ABOUT_RETURN_TYPE = YES_ERROR;
				GCC_WARN_UNDECLARED_SELECTOR = YES;
				GCC_WARN_UNINITIALIZED_AUTOS = YES_AGGRESSIVE;
				GCC_WARN_UNUSED_FUNCTION = YES;
				GCC_WARN_UNUSED_VARIABLE = YES;
				IPHONEOS_DEPLOYMENT_TARGET = 10.2;
				MTL_ENABLE_DEBUG_INFO = NO;
				SDKROOT = iphoneos;
				SWIFT_OPTIMIZATION_LEVEL = "-Owholemodule";
				TARGETED_DEVICE_FAMILY = "1,2";
				VALIDATE_PRODUCT = YES;
			};
			name = Release;
		};
		D5170E0F1E81A0E000213645 /* Debug */ = {
			isa = XCBuildConfiguration;
			buildSettings = {
				ASSETCATALOG_COMPILER_APPICON_NAME = AppIcon;
				DEVELOPMENT_TEAM = H3Q68UB677;
				INFOPLIST_FILE = ToDoList/Info.plist;
				LD_RUNPATH_SEARCH_PATHS = "$(inherited) @executable_path/Frameworks";
				PRODUCT_BUNDLE_IDENTIFIER = com.codingdojo.ToDoList;
				PRODUCT_NAME = "$(TARGET_NAME)";
				SWIFT_VERSION = 3.0;
			};
			name = Debug;
		};
		D5170E101E81A0E000213645 /* Release */ = {
			isa = XCBuildConfiguration;
			buildSettings = {
				ASSETCATALOG_COMPILER_APPICON_NAME = AppIcon;
				DEVELOPMENT_TEAM = H3Q68UB677;
				INFOPLIST_FILE = ToDoList/Info.plist;
				LD_RUNPATH_SEARCH_PATHS = "$(inherited) @executable_path/Frameworks";
				PRODUCT_BUNDLE_IDENTIFIER = com.codingdojo.ToDoList;
				PRODUCT_NAME = "$(TARGET_NAME)";
				SWIFT_VERSION = 3.0;
			};
			name = Release;
		};
/* End XCBuildConfiguration section */

/* Begin XCConfigurationList section */
		D5170DF41E81A0E000213645 /* Build configuration list for PBXProject "ToDoList" */ = {
			isa = XCConfigurationList;
			buildConfigurations = (
				D5170E0C1E81A0E000213645 /* Debug */,
				D5170E0D1E81A0E000213645 /* Release */,
			);
			defaultConfigurationIsVisible = 0;
			defaultConfigurationName = Release;
		};
		D5170E0E1E81A0E000213645 /* Build configuration list for PBXNativeTarget "ToDoList" */ = {
			isa = XCConfigurationList;
			buildConfigurations = (
				D5170E0F1E81A0E000213645 /* Debug */,
				D5170E101E81A0E000213645 /* Release */,
			);
			defaultConfigurationIsVisible = 0;
		};
/* End XCConfigurationList section */

/* Begin XCVersionGroup section */
		D5170E031E81A0E000213645 /* ToDoList.xcdatamodeld */ = {
			isa = XCVersionGroup;
			children = (
				D5170E041E81A0E000213645 /* ToDoList.xcdatamodel */,
			);
			currentVersion = D5170E041E81A0E000213645 /* ToDoList.xcdatamodel */;
			path = ToDoList.xcdatamodeld;
			sourceTree = "<group>";
			versionGroupType = wrapper.xcdatamodel;
		};
/* End XCVersionGroup section */
	};
	rootObject = D5170DF11E81A0E000213645 /* Project object */;
}
