// !$*UTF8*$!
{
	archiveVersion = 1;
	classes = {
	};
	objectVersion = 46;
	objects = {

/* Begin PBXBuildFile section */
		D5CBD63F1E78767D0099BE54 /* AppDelegate.swift in Sources */ = {isa = PBXBuildFile; fileRef = D5CBD63E1E78767D0099BE54 /* AppDelegate.swift */; };
		D5CBD6411E78767E0099BE54 /* ViewController.swift in Sources */ = {isa = PBXBuildFile; fileRef = D5CBD6401E78767E0099BE54 /* ViewController.swift */; };
		D5CBD6441E78767E0099BE54 /* Main.storyboard in Resources */ = {isa = PBXBuildFile; fileRef = D5CBD6421E78767E0099BE54 /* Main.storyboard */; };
		D5CBD6461E78767E0099BE54 /* Assets.xcassets in Resources */ = {isa = PBXBuildFile; fileRef = D5CBD6451E78767E0099BE54 /* Assets.xcassets */; };
		D5CBD6491E78767E0099BE54 /* LaunchScreen.storyboard in Resources */ = {isa = PBXBuildFile; fileRef = D5CBD6471E78767E0099BE54 /* LaunchScreen.storyboard */; };
/* End PBXBuildFile section */

/* Begin PBXFileReference section */
		D5CBD63B1E78767D0099BE54 /* Rainbow Road.app */ = {isa = PBXFileReference; explicitFileType = wrapper.application; includeInIndex = 0; path = "Rainbow Road.app"; sourceTree = BUILT_PRODUCTS_DIR; };
		D5CBD63E1E78767D0099BE54 /* AppDelegate.swift */ = {isa = PBXFileReference; lastKnownFileType = sourcecode.swift; path = AppDelegate.swift; sourceTree = "<group>"; };
		D5CBD6401E78767E0099BE54 /* ViewController.swift */ = {isa = PBXFileReference; lastKnownFileType = sourcecode.swift; path = ViewController.swift; sourceTree = "<group>"; };
		D5CBD6431E78767E0099BE54 /* Base */ = {isa = PBXFileReference; lastKnownFileType = file.storyboard; name = Base; path = Base.lproj/Main.storyboard; sourceTree = "<group>"; };
		D5CBD6451E78767E0099BE54 /* Assets.xcassets */ = {isa = PBXFileReference; lastKnownFileType = folder.assetcatalog; path = Assets.xcassets; sourceTree = "<group>"; };
		D5CBD6481E78767E0099BE54 /* Base */ = {isa = PBXFileReference; lastKnownFileType = file.storyboard; name = Base; path = Base.lproj/LaunchScreen.storyboard; sourceTree = "<group>"; };
		D5CBD64A1E78767E0099BE54 /* Info.plist */ = {isa = PBXFileReference; lastKnownFileType = text.plist.xml; path = Info.plist; sourceTree = "<group>"; };
/* End PBXFileReference section */

/* Begin PBXFrameworksBuildPhase section */
		D5CBD6381E78767D0099BE54 /* Frameworks */ = {
			isa = PBXFrameworksBuildPhase;
			buildActionMask = 2147483647;
			files = (
			);
			runOnlyForDeploymentPostprocessing = 0;
		};
/* End PBXFrameworksBuildPhase section */

/* Begin PBXGroup section */
		D5CBD6321E78767D0099BE54 = {
			isa = PBXGroup;
			children = (
				D5CBD63D1E78767D0099BE54 /* Rainbow Road */,
				D5CBD63C1E78767D0099BE54 /* Products */,
			);
			sourceTree = "<group>";
		};
		D5CBD63C1E78767D0099BE54 /* Products */ = {
			isa = PBXGroup;
			children = (
				D5CBD63B1E78767D0099BE54 /* Rainbow Road.app */,
			);
			name = Products;
			sourceTree = "<group>";
		};
		D5CBD63D1E78767D0099BE54 /* Rainbow Road */ = {
			isa = PBXGroup;
			children = (
				D5CBD63E1E78767D0099BE54 /* AppDelegate.swift */,
				D5CBD6401E78767E0099BE54 /* ViewController.swift */,
				D5CBD6421E78767E0099BE54 /* Main.storyboard */,
				D5CBD6451E78767E0099BE54 /* Assets.xcassets */,
				D5CBD6471E78767E0099BE54 /* LaunchScreen.storyboard */,
				D5CBD64A1E78767E0099BE54 /* Info.plist */,
			);
			path = "Rainbow Road";
			sourceTree = "<group>";
		};
/* End PBXGroup section */

/* Begin PBXNativeTarget section */
		D5CBD63A1E78767D0099BE54 /* Rainbow Road */ = {
			isa = PBXNativeTarget;
			buildConfigurationList = D5CBD64D1E78767E0099BE54 /* Build configuration list for PBXNativeTarget "Rainbow Road" */;
			buildPhases = (
				D5CBD6371E78767D0099BE54 /* Sources */,
				D5CBD6381E78767D0099BE54 /* Frameworks */,
				D5CBD6391E78767D0099BE54 /* Resources */,
			);
			buildRules = (
			);
			dependencies = (
			);
			name = "Rainbow Road";
			productName = "Rainbow Road";
			productReference = D5CBD63B1E78767D0099BE54 /* Rainbow Road.app */;
			productType = "com.apple.product-type.application";
		};
/* End PBXNativeTarget section */

/* Begin PBXProject section */
		D5CBD6331E78767D0099BE54 /* Project object */ = {
			isa = PBXProject;
			attributes = {
				LastSwiftUpdateCheck = 0820;
				LastUpgradeCheck = 0820;
				ORGANIZATIONNAME = "Jackie Thind";
				TargetAttributes = {
					D5CBD63A1E78767D0099BE54 = {
						CreatedOnToolsVersion = 8.2.1;
						DevelopmentTeam = H3Q68UB677;
						ProvisioningStyle = Automatic;
					};
				};
			};
			buildConfigurationList = D5CBD6361E78767D0099BE54 /* Build configuration list for PBXProject "Rainbow Road" */;
			compatibilityVersion = "Xcode 3.2";
			developmentRegion = English;
			hasScannedForEncodings = 0;
			knownRegions = (
				en,
				Base,
			);
			mainGroup = D5CBD6321E78767D0099BE54;
			productRefGroup = D5CBD63C1E78767D0099BE54 /* Products */;
			projectDirPath = "";
			projectRoot = "";
			targets = (
				D5CBD63A1E78767D0099BE54 /* Rainbow Road */,
			);
		};
/* End PBXProject section */

/* Begin PBXResourcesBuildPhase section */
		D5CBD6391E78767D0099BE54 /* Resources */ = {
			isa = PBXResourcesBuildPhase;
			buildActionMask = 2147483647;
			files = (
				D5CBD6491E78767E0099BE54 /* LaunchScreen.storyboard in Resources */,
				D5CBD6461E78767E0099BE54 /* Assets.xcassets in Resources */,
				D5CBD6441E78767E0099BE54 /* Main.storyboard in Resources */,
			);
			runOnlyForDeploymentPostprocessing = 0;
		};
/* End PBXResourcesBuildPhase section */

/* Begin PBXSourcesBuildPhase section */
		D5CBD6371E78767D0099BE54 /* Sources */ = {
			isa = PBXSourcesBuildPhase;
			buildActionMask = 2147483647;
			files = (
				D5CBD6411E78767E0099BE54 /* ViewController.swift in Sources */,
				D5CBD63F1E78767D0099BE54 /* AppDelegate.swift in Sources */,
			);
			runOnlyForDeploymentPostprocessing = 0;
		};
/* End PBXSourcesBuildPhase section */

/* Begin PBXVariantGroup section */
		D5CBD6421E78767E0099BE54 /* Main.storyboard */ = {
			isa = PBXVariantGroup;
			children = (
				D5CBD6431E78767E0099BE54 /* Base */,
			);
			name = Main.storyboard;
			sourceTree = "<group>";
		};
		D5CBD6471E78767E0099BE54 /* LaunchScreen.storyboard */ = {
			isa = PBXVariantGroup;
			children = (
				D5CBD6481E78767E0099BE54 /* Base */,
			);
			name = LaunchScreen.storyboard;
			sourceTree = "<group>";
		};
/* End PBXVariantGroup section */

/* Begin XCBuildConfiguration section */
		D5CBD64B1E78767E0099BE54 /* Debug */ = {
			isa = XCBuildConfiguration;
			buildSettings = {
				ALWAYS_SEARCH_USER_PATHS = NO;
				CLANG_ANALYZER_NONNULL = YES;
				CLANG_CXX_LANGUAGE_STANDARD = "gnu++0x";
				CLANG_CXX_LIBRARY = "libc++";
				CLANG_ENABLE_MODULES = YES;
				CLANG_ENABLE_OBJC_ARC = YES;
				CLANG_WARN_BOOL_CONVERSION = YES;
				CLANG_WARN_CONSTANT_CONVERSION = YES;
				CLANG_WARN_DIRECT_OBJC_ISA_USAGE = YES_ERROR;
				CLANG_WARN_DOCUMENTATION_COMMENTS = YES;
				CLANG_WARN_EMPTY_BODY = YES;
				CLANG_WARN_ENUM_CONVERSION = YES;
				CLANG_WARN_INFINITE_RECURSION = YES;
				CLANG_WARN_INT_CONVERSION = YES;
				CLANG_WARN_OBJC_ROOT_CLASS = YES_ERROR;
				CLANG_WARN_SUSPICIOUS_MOVE = YES;
				CLANG_WARN_UNREACHABLE_CODE = YES;
				CLANG_WARN__DUPLICATE_METHOD_MATCH = YES;
				"CODE_SIGN_IDENTITY[sdk=iphoneos*]" = "iPhone Developer";
				COPY_PHASE_STRIP = NO;
				DEBUG_INFORMATION_FORMAT = dwarf;
				ENABLE_STRICT_OBJC_MSGSEND = YES;
				ENABLE_TESTABILITY = YES;
				GCC_C_LANGUAGE_STANDARD = gnu99;
				GCC_DYNAMIC_NO_PIC = NO;
				GCC_NO_COMMON_BLOCKS = YES;
				GCC_OPTIMIZATION_LEVEL = 0;
				GCC_PREPROCESSOR_DEFINITIONS = (
					"DEBUG=1",
					"$(inherited)",
				);
				GCC_WARN_64_TO_32_BIT_CONVERSION = YES;
				GCC_WARN_ABOUT_RETURN_TYPE = YES_ERROR;
				GCC_WARN_UNDECLARED_SELECTOR = YES;
				GCC_WARN_UNINITIALIZED_AUTOS = YES_AGGRESSIVE;
				GCC_WARN_UNUSED_FUNCTION = YES;
				GCC_WARN_UNUSED_VARIABLE = YES;
				IPHONEOS_DEPLOYMENT_TARGET = 10.2;
				MTL_ENABLE_DEBUG_INFO = YES;
				ONLY_ACTIVE_ARCH = YES;
				SDKROOT = iphoneos;
				SWIFT_ACTIVE_COMPILATION_CONDITIONS = DEBUG;
				SWIFT_OPTIMIZATION_LEVEL = "-Onone";
				TARGETED_DEVICE_FAMILY = "1,2";
			};
			name = Debug;
		};
		D5CBD64C1E78767E0099BE54 /* Release */ = {
			isa = XCBuildConfiguration;
			buildSettings = {
				ALWAYS_SEARCH_USER_PATHS = NO;
				CLANG_ANALYZER_NONNULL = YES;
				CLANG_CXX_LANGUAGE_STANDARD = "gnu++0x";
				CLANG_CXX_LIBRARY = "libc++";
				CLANG_ENABLE_MODULES = YES;
				CLANG_ENABLE_OBJC_ARC = YES;
				CLANG_WARN_BOOL_CONVERSION = YES;
				CLANG_WARN_CONSTANT_CONVERSION = YES;
				CLANG_WARN_DIRECT_OBJC_ISA_USAGE = YES_ERROR;
				CLANG_WARN_DOCUMENTATION_COMMENTS = YES;
				CLANG_WARN_EMPTY_BODY = YES;
				CLANG_WARN_ENUM_CONVERSION = YES;
				CLANG_WARN_INFINITE_RECURSION = YES;
				CLANG_WARN_INT_CONVERSION = YES;
				CLANG_WARN_OBJC_ROOT_CLASS = YES_ERROR;
				CLANG_WARN_SUSPICIOUS_MOVE = YES;
				CLANG_WARN_UNREACHABLE_CODE = YES;
				CLANG_WARN__DUPLICATE_METHOD_MATCH = YES;
				"CODE_SIGN_IDENTITY[sdk=iphoneos*]" = "iPhone Developer";
				COPY_PHASE_STRIP = NO;
				DEBUG_INFORMATION_FORMAT = "dwarf-with-dsym";
				ENABLE_NS_ASSERTIONS = NO;
				ENABLE_STRICT_OBJC_MSGSEND = YES;
				GCC_C_LANGUAGE_STANDARD = gnu99;
				GCC_NO_COMMON_BLOCKS = YES;
				GCC_WARN_64_TO_32_BIT_CONVERSION = YES;
				GCC_WARN_ABOUT_RETURN_TYPE = YES_ERROR;
				GCC_WARN_UNDECLARED_SELECTOR = YES;
				GCC_WARN_UNINITIALIZED_AUTOS = YES_AGGRESSIVE;
				GCC_WARN_UNUSED_FUNCTION = YES;
				GCC_WARN_UNUSED_VARIABLE = YES;
				IPHONEOS_DEPLOYMENT_TARGET = 10.2;
				MTL_ENABLE_DEBUG_INFO = NO;
				SDKROOT = iphoneos;
				SWIFT_OPTIMIZATION_LEVEL = "-Owholemodule";
				TARGETED_DEVICE_FAMILY = "1,2";
				VALIDATE_PRODUCT = YES;
			};
			name = Release;
		};
		D5CBD64E1E78767E0099BE54 /* Debug */ = {
			isa = XCBuildConfiguration;
			buildSettings = {
				ASSETCATALOG_COMPILER_APPICON_NAME = AppIcon;
				DEVELOPMENT_TEAM = H3Q68UB677;
				INFOPLIST_FILE = "Rainbow Road/Info.plist";
				LD_RUNPATH_SEARCH_PATHS = "$(inherited) @executable_path/Frameworks";
				PRODUCT_BUNDLE_IDENTIFIER = "com.codingdojo.Rainbow-Road";
				PRODUCT_NAME = "$(TARGET_NAME)";
				SWIFT_VERSION = 3.0;
			};
			name = Debug;
		};
		D5CBD64F1E78767E0099BE54 /* Release */ = {
			isa = XCBuildConfiguration;
			buildSettings = {
				ASSETCATALOG_COMPILER_APPICON_NAME = AppIcon;
				DEVELOPMENT_TEAM = H3Q68UB677;
				INFOPLIST_FILE = "Rainbow Road/Info.plist";
				LD_RUNPATH_SEARCH_PATHS = "$(inherited) @executable_path/Frameworks";
				PRODUCT_BUNDLE_IDENTIFIER = "com.codingdojo.Rainbow-Road";
				PRODUCT_NAME = "$(TARGET_NAME)";
				SWIFT_VERSION = 3.0;
			};
			name = Release;
		};
/* End XCBuildConfiguration section */

/* Begin XCConfigurationList section */
		D5CBD6361E78767D0099BE54 /* Build configuration list for PBXProject "Rainbow Road" */ = {
			isa = XCConfigurationList;
			buildConfigurations = (
				D5CBD64B1E78767E0099BE54 /* Debug */,
				D5CBD64C1E78767E0099BE54 /* Release */,
			);
			defaultConfigurationIsVisible = 0;
			defaultConfigurationName = Release;
		};
		D5CBD64D1E78767E0099BE54 /* Build configuration list for PBXNativeTarget "Rainbow Road" */ = {
			isa = XCConfigurationList;
			buildConfigurations = (
				D5CBD64E1E78767E0099BE54 /* Debug */,
				D5CBD64F1E78767E0099BE54 /* Release */,
			);
			defaultConfigurationIsVisible = 0;
		};
/* End XCConfigurationList section */
	};
	rootObject = D5CBD6331E78767D0099BE54 /* Project object */;
}
