// !$*UTF8*$!
{
	archiveVersion = 1;
	classes = {
	};
	objectVersion = 46;
	objects = {

/* Begin PBXBuildFile section */
		D5CBD6C11E79AF4C0099BE54 /* AppDelegate.swift in Sources */ = {isa = PBXBuildFile; fileRef = D5CBD6C01E79AF4C0099BE54 /* AppDelegate.swift */; };
		D5CBD6C31E79AF4C0099BE54 /* ViewController.swift in Sources */ = {isa = PBXBuildFile; fileRef = D5CBD6C21E79AF4C0099BE54 /* ViewController.swift */; };
		D5CBD6C61E79AF4C0099BE54 /* Main.storyboard in Resources */ = {isa = PBXBuildFile; fileRef = D5CBD6C41E79AF4C0099BE54 /* Main.storyboard */; };
		D5CBD6C81E79AF4C0099BE54 /* Assets.xcassets in Resources */ = {isa = PBXBuildFile; fileRef = D5CBD6C71E79AF4C0099BE54 /* Assets.xcassets */; };
		D5CBD6CB1E79AF4C0099BE54 /* LaunchScreen.storyboard in Resources */ = {isa = PBXBuildFile; fileRef = D5CBD6C91E79AF4C0099BE54 /* LaunchScreen.storyboard */; };
		D5CBD6D61E79AF4D0099BE54 /* Directions_AssignmentTests.swift in Sources */ = {isa = PBXBuildFile; fileRef = D5CBD6D51E79AF4D0099BE54 /* Directions_AssignmentTests.swift */; };
		D5CBD6E11E79AF4D0099BE54 /* Directions_AssignmentUITests.swift in Sources */ = {isa = PBXBuildFile; fileRef = D5CBD6E01E79AF4D0099BE54 /* Directions_AssignmentUITests.swift */; };
		D5CBD6EF1E79B4140099BE54 /* DirectionalDestinationViewController.swift in Sources */ = {isa = PBXBuildFile; fileRef = D5CBD6EE1E79B4140099BE54 /* DirectionalDestinationViewController.swift */; };
/* End PBXBuildFile section */

/* Begin PBXContainerItemProxy section */
		D5CBD6D21E79AF4D0099BE54 /* PBXContainerItemProxy */ = {
			isa = PBXContainerItemProxy;
			containerPortal = D5CBD6B51E79AF4C0099BE54 /* Project object */;
			proxyType = 1;
			remoteGlobalIDString = D5CBD6BC1E79AF4C0099BE54;
			remoteInfo = "Directions Assignment";
		};
		D5CBD6DD1E79AF4D0099BE54 /* PBXContainerItemProxy */ = {
			isa = PBXContainerItemProxy;
			containerPortal = D5CBD6B51E79AF4C0099BE54 /* Project object */;
			proxyType = 1;
			remoteGlobalIDString = D5CBD6BC1E79AF4C0099BE54;
			remoteInfo = "Directions Assignment";
		};
/* End PBXContainerItemProxy section */

/* Begin PBXFileReference section */
		D5CBD6BD1E79AF4C0099BE54 /* Directions Assignment.app */ = {isa = PBXFileReference; explicitFileType = wrapper.application; includeInIndex = 0; path = "Directions Assignment.app"; sourceTree = BUILT_PRODUCTS_DIR; };
		D5CBD6C01E79AF4C0099BE54 /* AppDelegate.swift */ = {isa = PBXFileReference; lastKnownFileType = sourcecode.swift; path = AppDelegate.swift; sourceTree = "<group>"; };
		D5CBD6C21E79AF4C0099BE54 /* ViewController.swift */ = {isa = PBXFileReference; lastKnownFileType = sourcecode.swift; path = ViewController.swift; sourceTree = "<group>"; };
		D5CBD6C51E79AF4C0099BE54 /* Base */ = {isa = PBXFileReference; lastKnownFileType = file.storyboard; name = Base; path = Base.lproj/Main.storyboard; sourceTree = "<group>"; };
		D5CBD6C71E79AF4C0099BE54 /* Assets.xcassets */ = {isa = PBXFileReference; lastKnownFileType = folder.assetcatalog; path = Assets.xcassets; sourceTree = "<group>"; };
		D5CBD6CA1E79AF4C0099BE54 /* Base */ = {isa = PBXFileReference; lastKnownFileType = file.storyboard; name = Base; path = Base.lproj/LaunchScreen.storyboard; sourceTree = "<group>"; };
		D5CBD6CC1E79AF4C0099BE54 /* Info.plist */ = {isa = PBXFileReference; lastKnownFileType = text.plist.xml; path = Info.plist; sourceTree = "<group>"; };
		D5CBD6D11E79AF4D0099BE54 /* Directions AssignmentTests.xctest */ = {isa = PBXFileReference; explicitFileType = wrapper.cfbundle; includeInIndex = 0; path = "Directions AssignmentTests.xctest"; sourceTree = BUILT_PRODUCTS_DIR; };
		D5CBD6D51E79AF4D0099BE54 /* Directions_AssignmentTests.swift */ = {isa = PBXFileReference; lastKnownFileType = sourcecode.swift; path = Directions_AssignmentTests.swift; sourceTree = "<group>"; };
		D5CBD6D71E79AF4D0099BE54 /* Info.plist */ = {isa = PBXFileReference; lastKnownFileType = text.plist.xml; path = Info.plist; sourceTree = "<group>"; };
		D5CBD6DC1E79AF4D0099BE54 /* Directions AssignmentUITests.xctest */ = {isa = PBXFileReference; explicitFileType = wrapper.cfbundle; includeInIndex = 0; path = "Directions AssignmentUITests.xctest"; sourceTree = BUILT_PRODUCTS_DIR; };
		D5CBD6E01E79AF4D0099BE54 /* Directions_AssignmentUITests.swift */ = {isa = PBXFileReference; lastKnownFileType = sourcecode.swift; path = Directions_AssignmentUITests.swift; sourceTree = "<group>"; };
		D5CBD6E21E79AF4D0099BE54 /* Info.plist */ = {isa = PBXFileReference; lastKnownFileType = text.plist.xml; path = Info.plist; sourceTree = "<group>"; };
		D5CBD6EE1E79B4140099BE54 /* DirectionalDestinationViewController.swift */ = {isa = PBXFileReference; fileEncoding = 4; lastKnownFileType = sourcecode.swift; path = DirectionalDestinationViewController.swift; sourceTree = "<group>"; };
/* End PBXFileReference section */

/* Begin PBXFrameworksBuildPhase section */
		D5CBD6BA1E79AF4C0099BE54 /* Frameworks */ = {
			isa = PBXFrameworksBuildPhase;
			buildActionMask = 2147483647;
			files = (
			);
			runOnlyForDeploymentPostprocessing = 0;
		};
		D5CBD6CE1E79AF4D0099BE54 /* Frameworks */ = {
			isa = PBXFrameworksBuildPhase;
			buildActionMask = 2147483647;
			files = (
			);
			runOnlyForDeploymentPostprocessing = 0;
		};
		D5CBD6D91E79AF4D0099BE54 /* Frameworks */ = {
			isa = PBXFrameworksBuildPhase;
			buildActionMask = 2147483647;
			files = (
			);
			runOnlyForDeploymentPostprocessing = 0;
		};
/* End PBXFrameworksBuildPhase section */

/* Begin PBXGroup section */
		D5CBD6B41E79AF4C0099BE54 = {
			isa = PBXGroup;
			children = (
				D5CBD6BF1E79AF4C0099BE54 /* Directions Assignment */,
				D5CBD6D41E79AF4D0099BE54 /* Directions AssignmentTests */,
				D5CBD6DF1E79AF4D0099BE54 /* Directions AssignmentUITests */,
				D5CBD6BE1E79AF4C0099BE54 /* Products */,
			);
			sourceTree = "<group>";
		};
		D5CBD6BE1E79AF4C0099BE54 /* Products */ = {
			isa = PBXGroup;
			children = (
				D5CBD6BD1E79AF4C0099BE54 /* Directions Assignment.app */,
				D5CBD6D11E79AF4D0099BE54 /* Directions AssignmentTests.xctest */,
				D5CBD6DC1E79AF4D0099BE54 /* Directions AssignmentUITests.xctest */,
			);
			name = Products;
			sourceTree = "<group>";
		};
		D5CBD6BF1E79AF4C0099BE54 /* Directions Assignment */ = {
			isa = PBXGroup;
			children = (
				D5CBD6C01E79AF4C0099BE54 /* AppDelegate.swift */,
				D5CBD6C21E79AF4C0099BE54 /* ViewController.swift */,
				D5CBD6C41E79AF4C0099BE54 /* Main.storyboard */,
				D5CBD6EE1E79B4140099BE54 /* DirectionalDestinationViewController.swift */,
				D5CBD6C71E79AF4C0099BE54 /* Assets.xcassets */,
				D5CBD6C91E79AF4C0099BE54 /* LaunchScreen.storyboard */,
				D5CBD6CC1E79AF4C0099BE54 /* Info.plist */,
			);
			path = "Directions Assignment";
			sourceTree = "<group>";
		};
		D5CBD6D41E79AF4D0099BE54 /* Directions AssignmentTests */ = {
			isa = PBXGroup;
			children = (
				D5CBD6D51E79AF4D0099BE54 /* Directions_AssignmentTests.swift */,
				D5CBD6D71E79AF4D0099BE54 /* Info.plist */,
			);
			path = "Directions AssignmentTests";
			sourceTree = "<group>";
		};
		D5CBD6DF1E79AF4D0099BE54 /* Directions AssignmentUITests */ = {
			isa = PBXGroup;
			children = (
				D5CBD6E01E79AF4D0099BE54 /* Directions_AssignmentUITests.swift */,
				D5CBD6E21E79AF4D0099BE54 /* Info.plist */,
			);
			path = "Directions AssignmentUITests";
			sourceTree = "<group>";
		};
/* End PBXGroup section */

/* Begin PBXNativeTarget section */
		D5CBD6BC1E79AF4C0099BE54 /* Directions Assignment */ = {
			isa = PBXNativeTarget;
			buildConfigurationList = D5CBD6E51E79AF4D0099BE54 /* Build configuration list for PBXNativeTarget "Directions Assignment" */;
			buildPhases = (
				D5CBD6B91E79AF4C0099BE54 /* Sources */,
				D5CBD6BA1E79AF4C0099BE54 /* Frameworks */,
				D5CBD6BB1E79AF4C0099BE54 /* Resources */,
			);
			buildRules = (
			);
			dependencies = (
			);
			name = "Directions Assignment";
			productName = "Directions Assignment";
			productReference = D5CBD6BD1E79AF4C0099BE54 /* Directions Assignment.app */;
			productType = "com.apple.product-type.application";
		};
		D5CBD6D01E79AF4D0099BE54 /* Directions AssignmentTests */ = {
			isa = PBXNativeTarget;
			buildConfigurationList = D5CBD6E81E79AF4D0099BE54 /* Build configuration list for PBXNativeTarget "Directions AssignmentTests" */;
			buildPhases = (
				D5CBD6CD1E79AF4D0099BE54 /* Sources */,
				D5CBD6CE1E79AF4D0099BE54 /* Frameworks */,
				D5CBD6CF1E79AF4D0099BE54 /* Resources */,
			);
			buildRules = (
			);
			dependencies = (
				D5CBD6D31E79AF4D0099BE54 /* PBXTargetDependency */,
			);
			name = "Directions AssignmentTests";
			productName = "Directions AssignmentTests";
			productReference = D5CBD6D11E79AF4D0099BE54 /* Directions AssignmentTests.xctest */;
			productType = "com.apple.product-type.bundle.unit-test";
		};
		D5CBD6DB1E79AF4D0099BE54 /* Directions AssignmentUITests */ = {
			isa = PBXNativeTarget;
			buildConfigurationList = D5CBD6EB1E79AF4D0099BE54 /* Build configuration list for PBXNativeTarget "Directions AssignmentUITests" */;
			buildPhases = (
				D5CBD6D81E79AF4D0099BE54 /* Sources */,
				D5CBD6D91E79AF4D0099BE54 /* Frameworks */,
				D5CBD6DA1E79AF4D0099BE54 /* Resources */,
			);
			buildRules = (
			);
			dependencies = (
				D5CBD6DE1E79AF4D0099BE54 /* PBXTargetDependency */,
			);
			name = "Directions AssignmentUITests";
			productName = "Directions AssignmentUITests";
			productReference = D5CBD6DC1E79AF4D0099BE54 /* Directions AssignmentUITests.xctest */;
			productType = "com.apple.product-type.bundle.ui-testing";
		};
/* End PBXNativeTarget section */

/* Begin PBXProject section */
		D5CBD6B51E79AF4C0099BE54 /* Project object */ = {
			isa = PBXProject;
			attributes = {
				LastSwiftUpdateCheck = 0820;
				LastUpgradeCheck = 0820;
				ORGANIZATIONNAME = "Jackie Thind";
				TargetAttributes = {
					D5CBD6BC1E79AF4C0099BE54 = {
						CreatedOnToolsVersion = 8.2.1;
						DevelopmentTeam = H3Q68UB677;
						ProvisioningStyle = Automatic;
					};
					D5CBD6D01E79AF4D0099BE54 = {
						CreatedOnToolsVersion = 8.2.1;
						DevelopmentTeam = H3Q68UB677;
						ProvisioningStyle = Automatic;
						TestTargetID = D5CBD6BC1E79AF4C0099BE54;
					};
					D5CBD6DB1E79AF4D0099BE54 = {
						CreatedOnToolsVersion = 8.2.1;
						DevelopmentTeam = H3Q68UB677;
						ProvisioningStyle = Automatic;
						TestTargetID = D5CBD6BC1E79AF4C0099BE54;
					};
				};
			};
			buildConfigurationList = D5CBD6B81E79AF4C0099BE54 /* Build configuration list for PBXProject "Directions Assignment" */;
			compatibilityVersion = "Xcode 3.2";
			developmentRegion = English;
			hasScannedForEncodings = 0;
			knownRegions = (
				en,
				Base,
			);
			mainGroup = D5CBD6B41E79AF4C0099BE54;
			productRefGroup = D5CBD6BE1E79AF4C0099BE54 /* Products */;
			projectDirPath = "";
			projectRoot = "";
			targets = (
				D5CBD6BC1E79AF4C0099BE54 /* Directions Assignment */,
				D5CBD6D01E79AF4D0099BE54 /* Directions AssignmentTests */,
				D5CBD6DB1E79AF4D0099BE54 /* Directions AssignmentUITests */,
			);
		};
/* End PBXProject section */

/* Begin PBXResourcesBuildPhase section */
		D5CBD6BB1E79AF4C0099BE54 /* Resources */ = {
			isa = PBXResourcesBuildPhase;
			buildActionMask = 2147483647;
			files = (
				D5CBD6CB1E79AF4C0099BE54 /* LaunchScreen.storyboard in Resources */,
				D5CBD6C81E79AF4C0099BE54 /* Assets.xcassets in Resources */,
				D5CBD6C61E79AF4C0099BE54 /* Main.storyboard in Resources */,
			);
			runOnlyForDeploymentPostprocessing = 0;
		};
		D5CBD6CF1E79AF4D0099BE54 /* Resources */ = {
			isa = PBXResourcesBuildPhase;
			buildActionMask = 2147483647;
			files = (
			);
			runOnlyForDeploymentPostprocessing = 0;
		};
		D5CBD6DA1E79AF4D0099BE54 /* Resources */ = {
			isa = PBXResourcesBuildPhase;
			buildActionMask = 2147483647;
			files = (
			);
			runOnlyForDeploymentPostprocessing = 0;
		};
/* End PBXResourcesBuildPhase section */

/* Begin PBXSourcesBuildPhase section */
		D5CBD6B91E79AF4C0099BE54 /* Sources */ = {
			isa = PBXSourcesBuildPhase;
			buildActionMask = 2147483647;
			files = (
				D5CBD6C31E79AF4C0099BE54 /* ViewController.swift in Sources */,
				D5CBD6EF1E79B4140099BE54 /* DirectionalDestinationViewController.swift in Sources */,
				D5CBD6C11E79AF4C0099BE54 /* AppDelegate.swift in Sources */,
			);
			runOnlyForDeploymentPostprocessing = 0;
		};
		D5CBD6CD1E79AF4D0099BE54 /* Sources */ = {
			isa = PBXSourcesBuildPhase;
			buildActionMask = 2147483647;
			files = (
				D5CBD6D61E79AF4D0099BE54 /* Directions_AssignmentTests.swift in Sources */,
			);
			runOnlyForDeploymentPostprocessing = 0;
		};
		D5CBD6D81E79AF4D0099BE54 /* Sources */ = {
			isa = PBXSourcesBuildPhase;
			buildActionMask = 2147483647;
			files = (
				D5CBD6E11E79AF4D0099BE54 /* Directions_AssignmentUITests.swift in Sources */,
			);
			runOnlyForDeploymentPostprocessing = 0;
		};
/* End PBXSourcesBuildPhase section */

/* Begin PBXTargetDependency section */
		D5CBD6D31E79AF4D0099BE54 /* PBXTargetDependency */ = {
			isa = PBXTargetDependency;
			target = D5CBD6BC1E79AF4C0099BE54 /* Directions Assignment */;
			targetProxy = D5CBD6D21E79AF4D0099BE54 /* PBXContainerItemProxy */;
		};
		D5CBD6DE1E79AF4D0099BE54 /* PBXTargetDependency */ = {
			isa = PBXTargetDependency;
			target = D5CBD6BC1E79AF4C0099BE54 /* Directions Assignment */;
			targetProxy = D5CBD6DD1E79AF4D0099BE54 /* PBXContainerItemProxy */;
		};
/* End PBXTargetDependency section */

/* Begin PBXVariantGroup section */
		D5CBD6C41E79AF4C0099BE54 /* Main.storyboard */ = {
			isa = PBXVariantGroup;
			children = (
				D5CBD6C51E79AF4C0099BE54 /* Base */,
			);
			name = Main.storyboard;
			sourceTree = "<group>";
		};
		D5CBD6C91E79AF4C0099BE54 /* LaunchScreen.storyboard */ = {
			isa = PBXVariantGroup;
			children = (
				D5CBD6CA1E79AF4C0099BE54 /* Base */,
			);
			name = LaunchScreen.storyboard;
			sourceTree = "<group>";
		};
/* End PBXVariantGroup section */

/* Begin XCBuildConfiguration section */
		D5CBD6E31E79AF4D0099BE54 /* Debug */ = {
			isa = XCBuildConfiguration;
			buildSettings = {
				ALWAYS_SEARCH_USER_PATHS = NO;
				CLANG_ANALYZER_NONNULL = YES;
				CLANG_CXX_LANGUAGE_STANDARD = "gnu++0x";
				CLANG_CXX_LIBRARY = "libc++";
				CLANG_ENABLE_MODULES = YES;
				CLANG_ENABLE_OBJC_ARC = YES;
				CLANG_WARN_BOOL_CONVERSION = YES;
				CLANG_WARN_CONSTANT_CONVERSION = YES;
				CLANG_WARN_DIRECT_OBJC_ISA_USAGE = YES_ERROR;
				CLANG_WARN_DOCUMENTATION_COMMENTS = YES;
				CLANG_WARN_EMPTY_BODY = YES;
				CLANG_WARN_ENUM_CONVERSION = YES;
				CLANG_WARN_INFINITE_RECURSION = YES;
				CLANG_WARN_INT_CONVERSION = YES;
				CLANG_WARN_OBJC_ROOT_CLASS = YES_ERROR;
				CLANG_WARN_SUSPICIOUS_MOVE = YES;
				CLANG_WARN_UNREACHABLE_CODE = YES;
				CLANG_WARN__DUPLICATE_METHOD_MATCH = YES;
				"CODE_SIGN_IDENTITY[sdk=iphoneos*]" = "iPhone Developer";
				COPY_PHASE_STRIP = NO;
				DEBUG_INFORMATION_FORMAT = dwarf;
				ENABLE_STRICT_OBJC_MSGSEND = YES;
				ENABLE_TESTABILITY = YES;
				GCC_C_LANGUAGE_STANDARD = gnu99;
				GCC_DYNAMIC_NO_PIC = NO;
				GCC_NO_COMMON_BLOCKS = YES;
				GCC_OPTIMIZATION_LEVEL = 0;
				GCC_PREPROCESSOR_DEFINITIONS = (
					"DEBUG=1",
					"$(inherited)",
				);
				GCC_WARN_64_TO_32_BIT_CONVERSION = YES;
				GCC_WARN_ABOUT_RETURN_TYPE = YES_ERROR;
				GCC_WARN_UNDECLARED_SELECTOR = YES;
				GCC_WARN_UNINITIALIZED_AUTOS = YES_AGGRESSIVE;
				GCC_WARN_UNUSED_FUNCTION = YES;
				GCC_WARN_UNUSED_VARIABLE = YES;
				IPHONEOS_DEPLOYMENT_TARGET = 10.2;
				MTL_ENABLE_DEBUG_INFO = YES;
				ONLY_ACTIVE_ARCH = YES;
				SDKROOT = iphoneos;
				SWIFT_ACTIVE_COMPILATION_CONDITIONS = DEBUG;
				SWIFT_OPTIMIZATION_LEVEL = "-Onone";
				TARGETED_DEVICE_FAMILY = "1,2";
			};
			name = Debug;
		};
		D5CBD6E41E79AF4D0099BE54 /* Release */ = {
			isa = XCBuildConfiguration;
			buildSettings = {
				ALWAYS_SEARCH_USER_PATHS = NO;
				CLANG_ANALYZER_NONNULL = YES;
				CLANG_CXX_LANGUAGE_STANDARD = "gnu++0x";
				CLANG_CXX_LIBRARY = "libc++";
				CLANG_ENABLE_MODULES = YES;
				CLANG_ENABLE_OBJC_ARC = YES;
				CLANG_WARN_BOOL_CONVERSION = YES;
				CLANG_WARN_CONSTANT_CONVERSION = YES;
				CLANG_WARN_DIRECT_OBJC_ISA_USAGE = YES_ERROR;
				CLANG_WARN_DOCUMENTATION_COMMENTS = YES;
				CLANG_WARN_EMPTY_BODY = YES;
				CLANG_WARN_ENUM_CONVERSION = YES;
				CLANG_WARN_INFINITE_RECURSION = YES;
				CLANG_WARN_INT_CONVERSION = YES;
				CLANG_WARN_OBJC_ROOT_CLASS = YES_ERROR;
				CLANG_WARN_SUSPICIOUS_MOVE = YES;
				CLANG_WARN_UNREACHABLE_CODE = YES;
				CLANG_WARN__DUPLICATE_METHOD_MATCH = YES;
				"CODE_SIGN_IDENTITY[sdk=iphoneos*]" = "iPhone Developer";
				COPY_PHASE_STRIP = NO;
				DEBUG_INFORMATION_FORMAT = "dwarf-with-dsym";
				ENABLE_NS_ASSERTIONS = NO;
				ENABLE_STRICT_OBJC_MSGSEND = YES;
				GCC_C_LANGUAGE_STANDARD = gnu99;
				GCC_NO_COMMON_BLOCKS = YES;
				GCC_WARN_64_TO_32_BIT_CONVERSION = YES;
				GCC_WARN_ABOUT_RETURN_TYPE = YES_ERROR;
				GCC_WARN_UNDECLARED_SELECTOR = YES;
				GCC_WARN_UNINITIALIZED_AUTOS = YES_AGGRESSIVE;
				GCC_WARN_UNUSED_FUNCTION = YES;
				GCC_WARN_UNUSED_VARIABLE = YES;
				IPHONEOS_DEPLOYMENT_TARGET = 10.2;
				MTL_ENABLE_DEBUG_INFO = NO;
				SDKROOT = iphoneos;
				SWIFT_OPTIMIZATION_LEVEL = "-Owholemodule";
				TARGETED_DEVICE_FAMILY = "1,2";
				VALIDATE_PRODUCT = YES;
			};
			name = Release;
		};
		D5CBD6E61E79AF4D0099BE54 /* Debug */ = {
			isa = XCBuildConfiguration;
			buildSettings = {
				ASSETCATALOG_COMPILER_APPICON_NAME = AppIcon;
				DEVELOPMENT_TEAM = H3Q68UB677;
				INFOPLIST_FILE = "Directions Assignment/Info.plist";
				LD_RUNPATH_SEARCH_PATHS = "$(inherited) @executable_path/Frameworks";
				PRODUCT_BUNDLE_IDENTIFIER = "com.codingdojo.Directions-Assignment";
				PRODUCT_NAME = "$(TARGET_NAME)";
				SWIFT_VERSION = 3.0;
			};
			name = Debug;
		};
		D5CBD6E71E79AF4D0099BE54 /* Release */ = {
			isa = XCBuildConfiguration;
			buildSettings = {
				ASSETCATALOG_COMPILER_APPICON_NAME = AppIcon;
				DEVELOPMENT_TEAM = H3Q68UB677;
				INFOPLIST_FILE = "Directions Assignment/Info.plist";
				LD_RUNPATH_SEARCH_PATHS = "$(inherited) @executable_path/Frameworks";
				PRODUCT_BUNDLE_IDENTIFIER = "com.codingdojo.Directions-Assignment";
				PRODUCT_NAME = "$(TARGET_NAME)";
				SWIFT_VERSION = 3.0;
			};
			name = Release;
		};
		D5CBD6E91E79AF4D0099BE54 /* Debug */ = {
			isa = XCBuildConfiguration;
			buildSettings = {
				ALWAYS_EMBED_SWIFT_STANDARD_LIBRARIES = YES;
				BUNDLE_LOADER = "$(TEST_HOST)";
				DEVELOPMENT_TEAM = H3Q68UB677;
				INFOPLIST_FILE = "Directions AssignmentTests/Info.plist";
				LD_RUNPATH_SEARCH_PATHS = "$(inherited) @executable_path/Frameworks @loader_path/Frameworks";
				PRODUCT_BUNDLE_IDENTIFIER = "com.codingdojo.Directions-AssignmentTests";
				PRODUCT_NAME = "$(TARGET_NAME)";
				SWIFT_VERSION = 3.0;
				TEST_HOST = "$(BUILT_PRODUCTS_DIR)/Directions Assignment.app/Directions Assignment";
			};
			name = Debug;
		};
		D5CBD6EA1E79AF4D0099BE54 /* Release */ = {
			isa = XCBuildConfiguration;
			buildSettings = {
				ALWAYS_EMBED_SWIFT_STANDARD_LIBRARIES = YES;
				BUNDLE_LOADER = "$(TEST_HOST)";
				DEVELOPMENT_TEAM = H3Q68UB677;
				INFOPLIST_FILE = "Directions AssignmentTests/Info.plist";
				LD_RUNPATH_SEARCH_PATHS = "$(inherited) @executable_path/Frameworks @loader_path/Frameworks";
				PRODUCT_BUNDLE_IDENTIFIER = "com.codingdojo.Directions-AssignmentTests";
				PRODUCT_NAME = "$(TARGET_NAME)";
				SWIFT_VERSION = 3.0;
				TEST_HOST = "$(BUILT_PRODUCTS_DIR)/Directions Assignment.app/Directions Assignment";
			};
			name = Release;
		};
		D5CBD6EC1E79AF4D0099BE54 /* Debug */ = {
			isa = XCBuildConfiguration;
			buildSettings = {
				ALWAYS_EMBED_SWIFT_STANDARD_LIBRARIES = YES;
				DEVELOPMENT_TEAM = H3Q68UB677;
				INFOPLIST_FILE = "Directions AssignmentUITests/Info.plist";
				LD_RUNPATH_SEARCH_PATHS = "$(inherited) @executable_path/Frameworks @loader_path/Frameworks";
				PRODUCT_BUNDLE_IDENTIFIER = "com.codingdojo.Directions-AssignmentUITests";
				PRODUCT_NAME = "$(TARGET_NAME)";
				SWIFT_VERSION = 3.0;
				TEST_TARGET_NAME = "Directions Assignment";
			};
			name = Debug;
		};
		D5CBD6ED1E79AF4D0099BE54 /* Release */ = {
			isa = XCBuildConfiguration;
			buildSettings = {
				ALWAYS_EMBED_SWIFT_STANDARD_LIBRARIES = YES;
				DEVELOPMENT_TEAM = H3Q68UB677;
				INFOPLIST_FILE = "Directions AssignmentUITests/Info.plist";
				LD_RUNPATH_SEARCH_PATHS = "$(inherited) @executable_path/Frameworks @loader_path/Frameworks";
				PRODUCT_BUNDLE_IDENTIFIER = "com.codingdojo.Directions-AssignmentUITests";
				PRODUCT_NAME = "$(TARGET_NAME)";
				SWIFT_VERSION = 3.0;
				TEST_TARGET_NAME = "Directions Assignment";
			};
			name = Release;
		};
/* End XCBuildConfiguration section */

/* Begin XCConfigurationList section */
		D5CBD6B81E79AF4C0099BE54 /* Build configuration list for PBXProject "Directions Assignment" */ = {
			isa = XCConfigurationList;
			buildConfigurations = (
				D5CBD6E31E79AF4D0099BE54 /* Debug */,
				D5CBD6E41E79AF4D0099BE54 /* Release */,
			);
			defaultConfigurationIsVisible = 0;
			defaultConfigurationName = Release;
		};
		D5CBD6E51E79AF4D0099BE54 /* Build configuration list for PBXNativeTarget "Directions Assignment" */ = {
			isa = XCConfigurationList;
			buildConfigurations = (
				D5CBD6E61E79AF4D0099BE54 /* Debug */,
				D5CBD6E71E79AF4D0099BE54 /* Release */,
			);
			defaultConfigurationIsVisible = 0;
		};
		D5CBD6E81E79AF4D0099BE54 /* Build configuration list for PBXNativeTarget "Directions AssignmentTests" */ = {
			isa = XCConfigurationList;
			buildConfigurations = (
				D5CBD6E91E79AF4D0099BE54 /* Debug */,
				D5CBD6EA1E79AF4D0099BE54 /* Release */,
			);
			defaultConfigurationIsVisible = 0;
		};
		D5CBD6EB1E79AF4D0099BE54 /* Build configuration list for PBXNativeTarget "Directions AssignmentUITests" */ = {
			isa = XCConfigurationList;
			buildConfigurations = (
				D5CBD6EC1E79AF4D0099BE54 /* Debug */,
				D5CBD6ED1E79AF4D0099BE54 /* Release */,
			);
			defaultConfigurationIsVisible = 0;
		};
/* End XCConfigurationList section */
	};
	rootObject = D5CBD6B51E79AF4C0099BE54 /* Project object */;
}
